
Microsoft Visual Studio Solution File, Format Version 12.00
# Visual Studio 2015
Project("{FAE04EC0-301F-11D3-BF4B-00C04F79EFBC}") = "CreateGraph_Hololens", "CreateGraph_Hololens.csproj", "{EA2FCA29-9949-587E-EB30-BAA122ECE77E}"
EndProject
Project("{FAE04EC0-301F-11D3-BF4B-00C04F79EFBC}") = "CreateGraph_Hololens.Editor", "CreateGraph_Hololens.Editor.csproj", "{9FEFE2F4-7324-C11B-8E31-D5BC453D120D}"
EndProject
Global
	GlobalSection(SolutionConfigurationPlatforms) = preSolution
		Debug|Any CPU = Debug|Any CPU
		Release|Any CPU = Release|Any CPU
	EndGlobalSection
	GlobalSection(ProjectConfigurationPlatforms) = postSolution
		{EA2FCA29-9949-587E-EB30-BAA122ECE77E}.Debug|Any CPU.ActiveCfg = Debug|Any CPU
		{EA2FCA29-9949-587E-EB30-BAA122ECE77E}.Debug|Any CPU.Build.0 = Debug|Any CPU
		{EA2FCA29-9949-587E-EB30-BAA122ECE77E}.Release|Any CPU.ActiveCfg = Release|Any CPU
		{EA2FCA29-9949-587E-EB30-BAA122ECE77E}.Release|Any CPU.Build.0 = Release|Any CPU
		{9FEFE2F4-7324-C11B-8E31-D5BC453D120D}.Debug|Any CPU.ActiveCfg = Debug|Any CPU
		{9FEFE2F4-7324-C11B-8E31-D5BC453D120D}.Debug|Any CPU.Build.0 = Debug|Any CPU
		{9FEFE2F4-7324-C11B-8E31-D5BC453D120D}.Release|Any CPU.ActiveCfg = Release|Any CPU
		{9FEFE2F4-7324-C11B-8E31-D5BC453D120D}.Release|Any CPU.Build.0 = Release|Any CPU
	EndGlobalSection
	GlobalSection(SolutionProperties) = preSolution
		HideSolutionNode = FALSE
	EndGlobalSection
EndGlobal
